{
  "name": "fp-monad-practice",
  "version": "1.0.0",
  "lockfileVersion": 2,
  "requires": true,
  "packages": {
    "": {
      "name": "fp-monad-practice",
      "version": "1.0.0",
      "license": "ISC",
      "dependencies": {
        "fp-ts": "^2.13.1",
        "lodash": "^4.17.21",
        "readline-sync": "^1.4.10"
      },
      "devDependencies": {
        "@types/readline-sync": "^1.4.4"
      }
    },
    "node_modules/@types/readline-sync": {
      "version": "1.4.4",
      "resolved": "https://registry.npmjs.org/@types/readline-sync/-/readline-sync-1.4.4.tgz",
      "integrity": "sha512-cFjVIoiamX7U6zkO2VPvXyTxbFDdiRo902IarJuPVxBhpDnXhwSaVE86ip+SCuyWBbEioKCkT4C88RNTxBM1Dw==",
      "dev": true
    },
    "node_modules/fp-ts": {
      "version": "2.13.1",
      "resolved": "https://registry.npmjs.org/fp-ts/-/fp-ts-2.13.1.tgz",
      "integrity": "sha512-0eu5ULPS2c/jsa1lGFneEFFEdTbembJv8e4QKXeVJ3lm/5hyve06dlKZrpxmMwJt6rYen7sxmHHK2CLaXvWuWQ=="
    },
    "node_modules/lodash": {
      "version": "4.17.21",
      "resolved": "https://registry.npmjs.org/lodash/-/lodash-4.17.21.tgz",
      "integrity": "sha512-v2kDEe57lecTulaDIuNTPy3Ry4gLGJ6Z1O3vE1krgXZNrsQ+LFTGHVxVjcXPs17LhbZVGedAJv8XZ1tvj5FvSg=="
    },
    "node_modules/readline-sync": {
      "version": "1.4.10",
      "resolved": "https://registry.npmjs.org/readline-sync/-/readline-sync-1.4.10.tgz",
      "integrity": "sha512-gNva8/6UAe8QYepIQH/jQ2qn91Qj0B9sYjMBBs3QOB8F2CXcKgLxQaJRP76sWVRQt+QU+8fAkCbCvjjMFu7Ycw==",
      "engines": {
        "node": ">= 0.8.0"
      }
    }
  },
  "dependencies": {
    "@types/readline-sync": {
      "version": "1.4.4",
      "resolved": "https://registry.npmjs.org/@types/readline-sync/-/readline-sync-1.4.4.tgz",
      "integrity": "sha512-cFjVIoiamX7U6zkO2VPvXyTxbFDdiRo902IarJuPVxBhpDnXhwSaVE86ip+SCuyWBbEioKCkT4C88RNTxBM1Dw==",
      "dev": true
    },
    "fp-ts": {
      "version": "2.13.1",
      "resolved": "https://registry.npmjs.org/fp-ts/-/fp-ts-2.13.1.tgz",
      "integrity": "sha512-0eu5ULPS2c/jsa1lGFneEFFEdTbembJv8e4QKXeVJ3lm/5hyve06dlKZrpxmMwJt6rYen7sxmHHK2CLaXvWuWQ=="
    },
    "lodash": {
      "version": "4.17.21",
      "resolved": "https://registry.npmjs.org/lodash/-/lodash-4.17.21.tgz",
      "integrity": "sha512-v2kDEe57lecTulaDIuNTPy3Ry4gLGJ6Z1O3vE1krgXZNrsQ+LFTGHVxVjcXPs17LhbZVGedAJv8XZ1tvj5FvSg=="
    },
    "readline-sync": {
      "version": "1.4.10",
      "resolved": "https://registry.npmjs.org/readline-sync/-/readline-sync-1.4.10.tgz",
      "integrity": "sha512-gNva8/6UAe8QYepIQH/jQ2qn91Qj0B9sYjMBBs3QOB8F2CXcKgLxQaJRP76sWVRQt+QU+8fAkCbCvjjMFu7Ycw=="
    }
  }
}
